// !$*UTF8*$!
{
	archiveVersion = 1;
	classes = {
	};
	objectVersion = 50;
	objects = {

/* Begin PBXBuildFile section */
		6196848425E6F2B700DABF21 /* BeerStyleListApp.swift in Sources */ = {isa = PBXBuildFile; fileRef = 6196848325E6F2B700DABF21 /* BeerStyleListApp.swift */; };
		6196848825E6F2B900DABF21 /* Assets.xcassets in Resources */ = {isa = PBXBuildFile; fileRef = 6196848725E6F2B900DABF21 /* Assets.xcassets */; };
		6196848B25E6F2B900DABF21 /* Preview Assets.xcassets in Resources */ = {isa = PBXBuildFile; fileRef = 6196848A25E6F2B900DABF21 /* Preview Assets.xcassets */; };
		6196849425E6FC6C00DABF21 /* PrivateBeerOrignal.swift in Sources */ = {isa = PBXBuildFile; fileRef = 6196849325E6FC6C00DABF21 /* PrivateBeerOrignal.swift */; };
		61B6141A2614EF4200B64B79 /* PublicBeer.swift in Sources */ = {isa = PBXBuildFile; fileRef = 61B614192614EF4200B64B79 /* PublicBeer.swift */; };
		61B614202614F0DB00B64B79 /* User.swift in Sources */ = {isa = PBXBuildFile; fileRef = 61B6141F2614F0DB00B64B79 /* User.swift */; };
		61B614232614F56900B64B79 /* ServerMimic.swift in Sources */ = {isa = PBXBuildFile; fileRef = 61B614222614F56900B64B79 /* ServerMimic.swift */; };
		61B6142E2614FD7200B64B79 /* TrailingBeerNavigationBarView.swift in Sources */ = {isa = PBXBuildFile; fileRef = 61B6142D2614FD7200B64B79 /* TrailingBeerNavigationBarView.swift */; };
		61B614322614FE1300B64B79 /* AddBeerStyleView.swift in Sources */ = {isa = PBXBuildFile; fileRef = 61B614312614FE1300B64B79 /* AddBeerStyleView.swift */; };
		61B614352614FE5C00B64B79 /* AddBeerStyleCore.swift in Sources */ = {isa = PBXBuildFile; fileRef = 61B614342614FE5C00B64B79 /* AddBeerStyleCore.swift */; };
		61B6143C261508C400B64B79 /* LeadingBeerNavigationBarView.swift in Sources */ = {isa = PBXBuildFile; fileRef = 61B6143B261508C400B64B79 /* LeadingBeerNavigationBarView.swift */; };
		61B6147B261E209E00B64B79 /* SideMenuView.swift in Sources */ = {isa = PBXBuildFile; fileRef = 61B6147A261E209E00B64B79 /* SideMenuView.swift */; };
		61B6147E261E20C300B64B79 /* SideMenuHeaderView.swift in Sources */ = {isa = PBXBuildFile; fileRef = 61B6147D261E20C300B64B79 /* SideMenuHeaderView.swift */; };
		61B6148B261E593100B64B79 /* SideMenuOptionsView.swift in Sources */ = {isa = PBXBuildFile; fileRef = 61B6148A261E593100B64B79 /* SideMenuOptionsView.swift */; };
		61B61490261F879400B64B79 /* ContentView.swift in Sources */ = {isa = PBXBuildFile; fileRef = 6196848525E6F2B700DABF21 /* ContentView.swift */; };
		61B61493261F97FE00B64B79 /* SearchBarView.swift in Sources */ = {isa = PBXBuildFile; fileRef = 61B61492261F97FE00B64B79 /* SearchBarView.swift */; };
		61B61496261FAA9E00B64B79 /* BeerStyleView.swift in Sources */ = {isa = PBXBuildFile; fileRef = 61B61495261FAA9E00B64B79 /* BeerStyleView.swift */; };
		61B6149D2626315600B64B79 /* SideMenuViewModel.swift in Sources */ = {isa = PBXBuildFile; fileRef = 61B6149C2626315600B64B79 /* SideMenuViewModel.swift */; };
		61B614A726275EC500B64B79 /* BeerStyle.swift in Sources */ = {isa = PBXBuildFile; fileRef = 61B614A626275EC500B64B79 /* BeerStyle.swift */; };
		61B614AC262763F000B64B79 /* BeerStyleViewModel.swift in Sources */ = {isa = PBXBuildFile; fileRef = 61B614AB262763F000B64B79 /* BeerStyleViewModel.swift */; };
		61B614B1262765BA00B64B79 /* PrivateBeer.swift in Sources */ = {isa = PBXBuildFile; fileRef = 61B614B0262765BA00B64B79 /* PrivateBeer.swift */; };
		61B614B42627664200B64B79 /* PrivateBeerViewModel.swift in Sources */ = {isa = PBXBuildFile; fileRef = 61B614B32627664200B64B79 /* PrivateBeerViewModel.swift */; };
		61B614B82627711500B64B79 /* AddNewStyleButtonView.swift in Sources */ = {isa = PBXBuildFile; fileRef = 61B614B72627711500B64B79 /* AddNewStyleButtonView.swift */; };
		61FCE8BB25FA7EE8002C5351 /* BeerStyleOriginal.swift in Sources */ = {isa = PBXBuildFile; fileRef = 61FCE8BA25FA7EE8002C5351 /* BeerStyleOriginal.swift */; };
/* End PBXBuildFile section */

/* Begin PBXFileReference section */
		6196848025E6F2B700DABF21 /* BeerStyleList.app */ = {isa = PBXFileReference; explicitFileType = wrapper.application; includeInIndex = 0; path = BeerStyleList.app; sourceTree = BUILT_PRODUCTS_DIR; };
		6196848325E6F2B700DABF21 /* BeerStyleListApp.swift */ = {isa = PBXFileReference; lastKnownFileType = sourcecode.swift; path = BeerStyleListApp.swift; sourceTree = "<group>"; };
		6196848525E6F2B700DABF21 /* ContentView.swift */ = {isa = PBXFileReference; lastKnownFileType = sourcecode.swift; path = ContentView.swift; sourceTree = "<group>"; };
		6196848725E6F2B900DABF21 /* Assets.xcassets */ = {isa = PBXFileReference; lastKnownFileType = folder.assetcatalog; path = Assets.xcassets; sourceTree = "<group>"; };
		6196848A25E6F2B900DABF21 /* Preview Assets.xcassets */ = {isa = PBXFileReference; lastKnownFileType = folder.assetcatalog; path = "Preview Assets.xcassets"; sourceTree = "<group>"; };
		6196848C25E6F2B900DABF21 /* Info.plist */ = {isa = PBXFileReference; lastKnownFileType = text.plist.xml; path = Info.plist; sourceTree = "<group>"; };
		6196849325E6FC6C00DABF21 /* PrivateBeerOrignal.swift */ = {isa = PBXFileReference; lastKnownFileType = sourcecode.swift; path = PrivateBeerOrignal.swift; sourceTree = "<group>"; };
		61B614192614EF4200B64B79 /* PublicBeer.swift */ = {isa = PBXFileReference; lastKnownFileType = sourcecode.swift; path = PublicBeer.swift; sourceTree = "<group>"; };
		61B6141F2614F0DB00B64B79 /* User.swift */ = {isa = PBXFileReference; lastKnownFileType = sourcecode.swift; path = User.swift; sourceTree = "<group>"; };
		61B614222614F56900B64B79 /* ServerMimic.swift */ = {isa = PBXFileReference; lastKnownFileType = sourcecode.swift; path = ServerMimic.swift; sourceTree = "<group>"; };
		61B6142D2614FD7200B64B79 /* TrailingBeerNavigationBarView.swift */ = {isa = PBXFileReference; lastKnownFileType = sourcecode.swift; path = TrailingBeerNavigationBarView.swift; sourceTree = "<group>"; };
		61B614312614FE1300B64B79 /* AddBeerStyleView.swift */ = {isa = PBXFileReference; lastKnownFileType = sourcecode.swift; path = AddBeerStyleView.swift; sourceTree = "<group>"; };
		61B614342614FE5C00B64B79 /* AddBeerStyleCore.swift */ = {isa = PBXFileReference; lastKnownFileType = sourcecode.swift; path = AddBeerStyleCore.swift; sourceTree = "<group>"; };
		61B6143B261508C400B64B79 /* LeadingBeerNavigationBarView.swift */ = {isa = PBXFileReference; lastKnownFileType = sourcecode.swift; path = LeadingBeerNavigationBarView.swift; sourceTree = "<group>"; };
		61B6147A261E209E00B64B79 /* SideMenuView.swift */ = {isa = PBXFileReference; lastKnownFileType = sourcecode.swift; path = SideMenuView.swift; sourceTree = "<group>"; };
		61B6147D261E20C300B64B79 /* SideMenuHeaderView.swift */ = {isa = PBXFileReference; lastKnownFileType = sourcecode.swift; path = SideMenuHeaderView.swift; sourceTree = "<group>"; };
		61B6148A261E593100B64B79 /* SideMenuOptionsView.swift */ = {isa = PBXFileReference; lastKnownFileType = sourcecode.swift; path = SideMenuOptionsView.swift; sourceTree = "<group>"; };
		61B61492261F97FE00B64B79 /* SearchBarView.swift */ = {isa = PBXFileReference; lastKnownFileType = sourcecode.swift; path = SearchBarView.swift; sourceTree = "<group>"; };
		61B61495261FAA9E00B64B79 /* BeerStyleView.swift */ = {isa = PBXFileReference; lastKnownFileType = sourcecode.swift; path = BeerStyleView.swift; sourceTree = "<group>"; };
		61B6149C2626315600B64B79 /* SideMenuViewModel.swift */ = {isa = PBXFileReference; lastKnownFileType = sourcecode.swift; path = SideMenuViewModel.swift; sourceTree = "<group>"; };
		61B614A626275EC500B64B79 /* BeerStyle.swift */ = {isa = PBXFileReference; lastKnownFileType = sourcecode.swift; path = BeerStyle.swift; sourceTree = "<group>"; };
		61B614AB262763F000B64B79 /* BeerStyleViewModel.swift */ = {isa = PBXFileReference; lastKnownFileType = sourcecode.swift; path = BeerStyleViewModel.swift; sourceTree = "<group>"; };
		61B614B0262765BA00B64B79 /* PrivateBeer.swift */ = {isa = PBXFileReference; lastKnownFileType = sourcecode.swift; path = PrivateBeer.swift; sourceTree = "<group>"; };
		61B614B32627664200B64B79 /* PrivateBeerViewModel.swift */ = {isa = PBXFileReference; lastKnownFileType = sourcecode.swift; path = PrivateBeerViewModel.swift; sourceTree = "<group>"; };
		61B614B72627711500B64B79 /* AddNewStyleButtonView.swift */ = {isa = PBXFileReference; lastKnownFileType = sourcecode.swift; path = AddNewStyleButtonView.swift; sourceTree = "<group>"; };
		61FCE8BA25FA7EE8002C5351 /* BeerStyleOriginal.swift */ = {isa = PBXFileReference; lastKnownFileType = sourcecode.swift; path = BeerStyleOriginal.swift; sourceTree = "<group>"; };
/* End PBXFileReference section */

/* Begin PBXFrameworksBuildPhase section */
		6196847D25E6F2B700DABF21 /* Frameworks */ = {
			isa = PBXFrameworksBuildPhase;
			buildActionMask = 2147483647;
			files = (
			);
			runOnlyForDeploymentPostprocessing = 0;
		};
/* End PBXFrameworksBuildPhase section */

/* Begin PBXGroup section */
		6196847725E6F2B700DABF21 = {
			isa = PBXGroup;
			children = (
				6196848225E6F2B700DABF21 /* BeerStyleList */,
				6196848125E6F2B700DABF21 /* Products */,
			);
			sourceTree = "<group>";
		};
		6196848125E6F2B700DABF21 /* Products */ = {
			isa = PBXGroup;
			children = (
				6196848025E6F2B700DABF21 /* BeerStyleList.app */,
			);
			name = Products;
			sourceTree = "<group>";
		};
		6196848225E6F2B700DABF21 /* BeerStyleList */ = {
			isa = PBXGroup;
			children = (
				6196848525E6F2B700DABF21 /* ContentView.swift */,
				61B614A326275D3B00B64B79 /* Backend Objects */,
				61B614A226275CE100B64B79 /* View */,
				61B614A126275CDF00B64B79 /* ViewModel */,
				61B6149F26275CD300B64B79 /* Model */,
				6196848325E6F2B700DABF21 /* BeerStyleListApp.swift */,
				6196848725E6F2B900DABF21 /* Assets.xcassets */,
				6196848C25E6F2B900DABF21 /* Info.plist */,
				6196848925E6F2B900DABF21 /* Preview Content */,
			);
			path = BeerStyleList;
			sourceTree = "<group>";
		};
		6196848925E6F2B900DABF21 /* Preview Content */ = {
			isa = PBXGroup;
			children = (
				6196848A25E6F2B900DABF21 /* Preview Assets.xcassets */,
			);
			path = "Preview Content";
			sourceTree = "<group>";
		};
		61B6149F26275CD300B64B79 /* Model */ = {
			isa = PBXGroup;
			children = (
				61B614A626275EC500B64B79 /* BeerStyle.swift */,
				61B614B0262765BA00B64B79 /* PrivateBeer.swift */,
			);
			path = Model;
			sourceTree = "<group>";
		};
		61B614A126275CDF00B64B79 /* ViewModel */ = {
			isa = PBXGroup;
			children = (
				61B6149C2626315600B64B79 /* SideMenuViewModel.swift */,
				61B614AB262763F000B64B79 /* BeerStyleViewModel.swift */,
				61B614B32627664200B64B79 /* PrivateBeerViewModel.swift */,
			);
			path = ViewModel;
			sourceTree = "<group>";
		};
		61B614A226275CE100B64B79 /* View */ = {
			isa = PBXGroup;
			children = (
				61B614342614FE5C00B64B79 /* AddBeerStyleCore.swift */,
				61B61492261F97FE00B64B79 /* SearchBarView.swift */,
				61B61495261FAA9E00B64B79 /* BeerStyleView.swift */,
				61B6143B261508C400B64B79 /* LeadingBeerNavigationBarView.swift */,
				61B6147A261E209E00B64B79 /* SideMenuView.swift */,
				61B6147D261E20C300B64B79 /* SideMenuHeaderView.swift */,
				61B6148A261E593100B64B79 /* SideMenuOptionsView.swift */,
				61B6142D2614FD7200B64B79 /* TrailingBeerNavigationBarView.swift */,
				61B614312614FE1300B64B79 /* AddBeerStyleView.swift */,
				61B614B72627711500B64B79 /* AddNewStyleButtonView.swift */,
			);
			path = View;
			sourceTree = "<group>";
		};
		61B614A326275D3B00B64B79 /* Backend Objects */ = {
			isa = PBXGroup;
			children = (
				6196849325E6FC6C00DABF21 /* PrivateBeerOrignal.swift */,
				61FCE8BA25FA7EE8002C5351 /* BeerStyleOriginal.swift */,
				61B614192614EF4200B64B79 /* PublicBeer.swift */,
				61B6141F2614F0DB00B64B79 /* User.swift */,
				61B614222614F56900B64B79 /* ServerMimic.swift */,
			);
			path = "Backend Objects";
			sourceTree = "<group>";
		};
/* End PBXGroup section */

/* Begin PBXNativeTarget section */
		6196847F25E6F2B700DABF21 /* BeerStyleList */ = {
			isa = PBXNativeTarget;
			buildConfigurationList = 6196848F25E6F2B900DABF21 /* Build configuration list for PBXNativeTarget "BeerStyleList" */;
			buildPhases = (
				6196847C25E6F2B700DABF21 /* Sources */,
				6196847D25E6F2B700DABF21 /* Frameworks */,
				6196847E25E6F2B700DABF21 /* Resources */,
			);
			buildRules = (
			);
			dependencies = (
			);
			name = BeerStyleList;
			productName = BeerStyleList;
			productReference = 6196848025E6F2B700DABF21 /* BeerStyleList.app */;
			productType = "com.apple.product-type.application";
		};
/* End PBXNativeTarget section */

/* Begin PBXProject section */
		6196847825E6F2B700DABF21 /* Project object */ = {
			isa = PBXProject;
			attributes = {
				LastSwiftUpdateCheck = 1220;
				LastUpgradeCheck = 1220;
				TargetAttributes = {
					6196847F25E6F2B700DABF21 = {
						CreatedOnToolsVersion = 12.2;
					};
				};
			};
			buildConfigurationList = 6196847B25E6F2B700DABF21 /* Build configuration list for PBXProject "BeerStyleList" */;
			compatibilityVersion = "Xcode 9.3";
			developmentRegion = en;
			hasScannedForEncodings = 0;
			knownRegions = (
				en,
				Base,
			);
			mainGroup = 6196847725E6F2B700DABF21;
			productRefGroup = 6196848125E6F2B700DABF21 /* Products */;
			projectDirPath = "";
			projectRoot = "";
			targets = (
				6196847F25E6F2B700DABF21 /* BeerStyleList */,
			);
		};
/* End PBXProject section */

/* Begin PBXResourcesBuildPhase section */
		6196847E25E6F2B700DABF21 /* Resources */ = {
			isa = PBXResourcesBuildPhase;
			buildActionMask = 2147483647;
			files = (
				6196848B25E6F2B900DABF21 /* Preview Assets.xcassets in Resources */,
				6196848825E6F2B900DABF21 /* Assets.xcassets in Resources */,
			);
			runOnlyForDeploymentPostprocessing = 0;
		};
/* End PBXResourcesBuildPhase section */

/* Begin PBXSourcesBuildPhase section */
		6196847C25E6F2B700DABF21 /* Sources */ = {
			isa = PBXSourcesBuildPhase;
			buildActionMask = 2147483647;
			files = (
				61B6147E261E20C300B64B79 /* SideMenuHeaderView.swift in Sources */,
				61FCE8BB25FA7EE8002C5351 /* BeerStyleOriginal.swift in Sources */,
				61B614AC262763F000B64B79 /* BeerStyleViewModel.swift in Sources */,
				61B614202614F0DB00B64B79 /* User.swift in Sources */,
				61B614B82627711500B64B79 /* AddNewStyleButtonView.swift in Sources */,
				61B61493261F97FE00B64B79 /* SearchBarView.swift in Sources */,
				61B6141A2614EF4200B64B79 /* PublicBeer.swift in Sources */,
				61B6149D2626315600B64B79 /* SideMenuViewModel.swift in Sources */,
				61B614352614FE5C00B64B79 /* AddBeerStyleCore.swift in Sources */,
				61B6142E2614FD7200B64B79 /* TrailingBeerNavigationBarView.swift in Sources */,
				61B614B1262765BA00B64B79 /* PrivateBeer.swift in Sources */,
				61B61496261FAA9E00B64B79 /* BeerStyleView.swift in Sources */,
				61B6143C261508C400B64B79 /* LeadingBeerNavigationBarView.swift in Sources */,
				6196848425E6F2B700DABF21 /* BeerStyleListApp.swift in Sources */,
				61B6147B261E209E00B64B79 /* SideMenuView.swift in Sources */,
				61B614232614F56900B64B79 /* ServerMimic.swift in Sources */,
				61B614A726275EC500B64B79 /* BeerStyle.swift in Sources */,
				61B61490261F879400B64B79 /* ContentView.swift in Sources */,
				61B614B42627664200B64B79 /* PrivateBeerViewModel.swift in Sources */,
				61B6148B261E593100B64B79 /* SideMenuOptionsView.swift in Sources */,
				61B614322614FE1300B64B79 /* AddBeerStyleView.swift in Sources */,
				6196849425E6FC6C00DABF21 /* PrivateBeerOrignal.swift in Sources */,
			);
			runOnlyForDeploymentPostprocessing = 0;
		};
/* End PBXSourcesBuildPhase section */

/* Begin XCBuildConfiguration section */
		6196848D25E6F2B900DABF21 /* Debug */ = {
			isa = XCBuildConfiguration;
			buildSettings = {
				ALWAYS_SEARCH_USER_PATHS = NO;
				CLANG_ANALYZER_NONNULL = YES;
				CLANG_ANALYZER_NUMBER_OBJECT_CONVERSION = YES_AGGRESSIVE;
				CLANG_CXX_LANGUAGE_STANDARD = "gnu++14";
				CLANG_CXX_LIBRARY = "libc++";
				CLANG_ENABLE_MODULES = YES;
				CLANG_ENABLE_OBJC_ARC = YES;
				CLANG_ENABLE_OBJC_WEAK = YES;
				CLANG_WARN_BLOCK_CAPTURE_AUTORELEASING = YES;
				CLANG_WARN_BOOL_CONVERSION = YES;
				CLANG_WARN_COMMA = YES;
				CLANG_WARN_CONSTANT_CONVERSION = YES;
				CLANG_WARN_DEPRECATED_OBJC_IMPLEMENTATIONS = YES;
				CLANG_WARN_DIRECT_OBJC_ISA_USAGE = YES_ERROR;
				CLANG_WARN_DOCUMENTATION_COMMENTS = YES;
				CLANG_WARN_EMPTY_BODY = YES;
				CLANG_WARN_ENUM_CONVERSION = YES;
				CLANG_WARN_INFINITE_RECURSION = YES;
				CLANG_WARN_INT_CONVERSION = YES;
				CLANG_WARN_NON_LITERAL_NULL_CONVERSION = YES;
				CLANG_WARN_OBJC_IMPLICIT_RETAIN_SELF = YES;
				CLANG_WARN_OBJC_LITERAL_CONVERSION = YES;
				CLANG_WARN_OBJC_ROOT_CLASS = YES_ERROR;
				CLANG_WARN_QUOTED_INCLUDE_IN_FRAMEWORK_HEADER = YES;
				CLANG_WARN_RANGE_LOOP_ANALYSIS = YES;
				CLANG_WARN_STRICT_PROTOTYPES = YES;
				CLANG_WARN_SUSPICIOUS_MOVE = YES;
				CLANG_WARN_UNGUARDED_AVAILABILITY = YES_AGGRESSIVE;
				CLANG_WARN_UNREACHABLE_CODE = YES;
				CLANG_WARN__DUPLICATE_METHOD_MATCH = YES;
				COPY_PHASE_STRIP = NO;
				DEBUG_INFORMATION_FORMAT = dwarf;
				ENABLE_STRICT_OBJC_MSGSEND = YES;
				ENABLE_TESTABILITY = YES;
				GCC_C_LANGUAGE_STANDARD = gnu11;
				GCC_DYNAMIC_NO_PIC = NO;
				GCC_NO_COMMON_BLOCKS = YES;
				GCC_OPTIMIZATION_LEVEL = 0;
				GCC_PREPROCESSOR_DEFINITIONS = (
					"DEBUG=1",
					"$(inherited)",
				);
				GCC_WARN_64_TO_32_BIT_CONVERSION = YES;
				GCC_WARN_ABOUT_RETURN_TYPE = YES_ERROR;
				GCC_WARN_UNDECLARED_SELECTOR = YES;
				GCC_WARN_UNINITIALIZED_AUTOS = YES_AGGRESSIVE;
				GCC_WARN_UNUSED_FUNCTION = YES;
				GCC_WARN_UNUSED_VARIABLE = YES;
				IPHONEOS_DEPLOYMENT_TARGET = 14.2;
				MTL_ENABLE_DEBUG_INFO = INCLUDE_SOURCE;
				MTL_FAST_MATH = YES;
				ONLY_ACTIVE_ARCH = YES;
				SDKROOT = iphoneos;
				SWIFT_ACTIVE_COMPILATION_CONDITIONS = DEBUG;
				SWIFT_OPTIMIZATION_LEVEL = "-Onone";
			};
			name = Debug;
		};
		6196848E25E6F2B900DABF21 /* Release */ = {
			isa = XCBuildConfiguration;
			buildSettings = {
				ALWAYS_SEARCH_USER_PATHS = NO;
				CLANG_ANALYZER_NONNULL = YES;
				CLANG_ANALYZER_NUMBER_OBJECT_CONVERSION = YES_AGGRESSIVE;
				CLANG_CXX_LANGUAGE_STANDARD = "gnu++14";
				CLANG_CXX_LIBRARY = "libc++";
				CLANG_ENABLE_MODULES = YES;
				CLANG_ENABLE_OBJC_ARC = YES;
				CLANG_ENABLE_OBJC_WEAK = YES;
				CLANG_WARN_BLOCK_CAPTURE_AUTORELEASING = YES;
				CLANG_WARN_BOOL_CONVERSION = YES;
				CLANG_WARN_COMMA = YES;
				CLANG_WARN_CONSTANT_CONVERSION = YES;
				CLANG_WARN_DEPRECATED_OBJC_IMPLEMENTATIONS = YES;
				CLANG_WARN_DIRECT_OBJC_ISA_USAGE = YES_ERROR;
				CLANG_WARN_DOCUMENTATION_COMMENTS = YES;
				CLANG_WARN_EMPTY_BODY = YES;
				CLANG_WARN_ENUM_CONVERSION = YES;
				CLANG_WARN_INFINITE_RECURSION = YES;
				CLANG_WARN_INT_CONVERSION = YES;
				CLANG_WARN_NON_LITERAL_NULL_CONVERSION = YES;
				CLANG_WARN_OBJC_IMPLICIT_RETAIN_SELF = YES;
				CLANG_WARN_OBJC_LITERAL_CONVERSION = YES;
				CLANG_WARN_OBJC_ROOT_CLASS = YES_ERROR;
				CLANG_WARN_QUOTED_INCLUDE_IN_FRAMEWORK_HEADER = YES;
				CLANG_WARN_RANGE_LOOP_ANALYSIS = YES;
				CLANG_WARN_STRICT_PROTOTYPES = YES;
				CLANG_WARN_SUSPICIOUS_MOVE = YES;
				CLANG_WARN_UNGUARDED_AVAILABILITY = YES_AGGRESSIVE;
				CLANG_WARN_UNREACHABLE_CODE = YES;
				CLANG_WARN__DUPLICATE_METHOD_MATCH = YES;
				COPY_PHASE_STRIP = NO;
				DEBUG_INFORMATION_FORMAT = "dwarf-with-dsym";
				ENABLE_NS_ASSERTIONS = NO;
				ENABLE_STRICT_OBJC_MSGSEND = YES;
				GCC_C_LANGUAGE_STANDARD = gnu11;
				GCC_NO_COMMON_BLOCKS = YES;
				GCC_WARN_64_TO_32_BIT_CONVERSION = YES;
				GCC_WARN_ABOUT_RETURN_TYPE = YES_ERROR;
				GCC_WARN_UNDECLARED_SELECTOR = YES;
				GCC_WARN_UNINITIALIZED_AUTOS = YES_AGGRESSIVE;
				GCC_WARN_UNUSED_FUNCTION = YES;
				GCC_WARN_UNUSED_VARIABLE = YES;
				IPHONEOS_DEPLOYMENT_TARGET = 14.2;
				MTL_ENABLE_DEBUG_INFO = NO;
				MTL_FAST_MATH = YES;
				SDKROOT = iphoneos;
				SWIFT_COMPILATION_MODE = wholemodule;
				SWIFT_OPTIMIZATION_LEVEL = "-O";
				VALIDATE_PRODUCT = YES;
			};
			name = Release;
		};
		6196849025E6F2B900DABF21 /* Debug */ = {
			isa = XCBuildConfiguration;
			buildSettings = {
				ASSETCATALOG_COMPILER_APPICON_NAME = AppIcon;
				ASSETCATALOG_COMPILER_GLOBAL_ACCENT_COLOR_NAME = AccentColor;
				CODE_SIGN_STYLE = Automatic;
				DEVELOPMENT_ASSET_PATHS = "\"BeerStyleList/Preview Content\"";
				DEVELOPMENT_TEAM = QESPS46X6N;
				ENABLE_PREVIEWS = YES;
				INFOPLIST_FILE = BeerStyleList/Info.plist;
				IPHONEOS_DEPLOYMENT_TARGET = 14.0;
				LD_RUNPATH_SEARCH_PATHS = (
					"$(inherited)",
					"@executable_path/Frameworks",
				);
				PRODUCT_BUNDLE_IDENTIFIER = com.ag1232.BeerStyleList;
				PRODUCT_NAME = "$(TARGET_NAME)";
				SWIFT_VERSION = 5.0;
				TARGETED_DEVICE_FAMILY = "1,2";
			};
			name = Debug;
		};
		6196849125E6F2B900DABF21 /* Release */ = {
			isa = XCBuildConfiguration;
			buildSettings = {
				ASSETCATALOG_COMPILER_APPICON_NAME = AppIcon;
				ASSETCATALOG_COMPILER_GLOBAL_ACCENT_COLOR_NAME = AccentColor;
				CODE_SIGN_STYLE = Automatic;
				DEVELOPMENT_ASSET_PATHS = "\"BeerStyleList/Preview Content\"";
				DEVELOPMENT_TEAM = QESPS46X6N;
				ENABLE_PREVIEWS = YES;
				INFOPLIST_FILE = BeerStyleList/Info.plist;
				IPHONEOS_DEPLOYMENT_TARGET = 14.0;
				LD_RUNPATH_SEARCH_PATHS = (
					"$(inherited)",
					"@executable_path/Frameworks",
				);
				PRODUCT_BUNDLE_IDENTIFIER = com.ag1232.BeerStyleList;
				PRODUCT_NAME = "$(TARGET_NAME)";
				SWIFT_VERSION = 5.0;
				TARGETED_DEVICE_FAMILY = "1,2";
			};
			name = Release;
		};
/* End XCBuildConfiguration section */

/* Begin XCConfigurationList section */
		6196847B25E6F2B700DABF21 /* Build configuration list for PBXProject "BeerStyleList" */ = {
			isa = XCConfigurationList;
			buildConfigurations = (
				6196848D25E6F2B900DABF21 /* Debug */,
				6196848E25E6F2B900DABF21 /* Release */,
			);
			defaultConfigurationIsVisible = 0;
			defaultConfigurationName = Release;
		};
		6196848F25E6F2B900DABF21 /* Build configuration list for PBXNativeTarget "BeerStyleList" */ = {
			isa = XCConfigurationList;
			buildConfigurations = (
				6196849025E6F2B900DABF21 /* Debug */,
				6196849125E6F2B900DABF21 /* Release */,
			);
			defaultConfigurationIsVisible = 0;
			defaultConfigurationName = Release;
		};
/* End XCConfigurationList section */
	};
	rootObject = 6196847825E6F2B700DABF21 /* Project object */;
}
